{"evidence_dir": "/home/runner/work/_temp/release55-base/governance/repair-cases/repair-release55-dependency-output-role-overlap/evidence/quality-baseline", "pid": 2233, "started_at": "2026-08-16T03:36:00+00:00", "state_dir": "/home/runner/work/_temp/release55-quality-state", "target": "/home/runner/work/_temp/release55-base/governance/targets/repair-release55-dependency-output-role-overlap.md"}