{"evidence_dir": "/home/runner/work/_temp/stage42-governed/governance/repair-cases/repair-stage4-2-dependency-obligation-evidence-pipeline/evidence/quality-baseline", "pid": 2344, "started_at": "2026-08-16T01:32:37+00:00", "state_dir": "/home/runner/work/_temp/stage42-governed/.quality/product-code/repair-stage4-2-dependency-obligation-evidence-pipeline/state", "target": "/home/runner/work/_temp/stage42-governed/governance/repair-cases/repair-stage4-2-dependency-obligation-evidence-pipeline/quality-input/target.md"}